
Microsoft Visual Studio Solution File, Format Version 12.00
# Visual Studio Version 17
VisualStudioVersion = 17.0.31912.275
MinimumVisualStudioVersion = 10.0.40219.1
Project("{9A19103F-16F7-4668-BE54-9A1E7A4F7556}") = "PresentationLayer", "PresentationLayer.csproj", "{4991F3F5-230E-43EF-BD4C-0A8092DFB88B}"
EndProject
Project("{FAE04EC0-301F-11D3-BF4B-00C04F79EFBC}") = "DatabaseLayer", "..\DatabaseLayer\DatabaseLayer.csproj", "{65D0F501-4796-4628-AA81-C29F271F95F3}"
EndProject
Project("{FAE04EC0-301F-11D3-BF4B-00C04F79EFBC}") = "BusinessLayer", "..\BusinessLayer\BusinessLayer.csproj", "{F43FCDBA-A4CE-4439-8FBD-8ACCA69F7EF0}"
EndProject
Global
	GlobalSection(SolutionConfigurationPlatforms) = preSolution
		Debug|Any CPU = Debug|Any CPU
		Release|Any CPU = Release|Any CPU
	EndGlobalSection
	GlobalSection(ProjectConfigurationPlatforms) = postSolution
		{4991F3F5-230E-43EF-BD4C-0A8092DFB88B}.Debug|Any CPU.ActiveCfg = Debug|Any CPU
		{4991F3F5-230E-43EF-BD4C-0A8092DFB88B}.Debug|Any CPU.Build.0 = Debug|Any CPU
		{4991F3F5-230E-43EF-BD4C-0A8092DFB88B}.Release|Any CPU.ActiveCfg = Release|Any CPU
		{4991F3F5-230E-43EF-BD4C-0A8092DFB88B}.Release|Any CPU.Build.0 = Release|Any CPU
		{65D0F501-4796-4628-AA81-C29F271F95F3}.Debug|Any CPU.ActiveCfg = Debug|Any CPU
		{65D0F501-4796-4628-AA81-C29F271F95F3}.Debug|Any CPU.Build.0 = Debug|Any CPU
		{65D0F501-4796-4628-AA81-C29F271F95F3}.Release|Any CPU.ActiveCfg = Release|Any CPU
		{65D0F501-4796-4628-AA81-C29F271F95F3}.Release|Any CPU.Build.0 = Release|Any CPU
		{F43FCDBA-A4CE-4439-8FBD-8ACCA69F7EF0}.Debug|Any CPU.ActiveCfg = Debug|Any CPU
		{F43FCDBA-A4CE-4439-8FBD-8ACCA69F7EF0}.Debug|Any CPU.Build.0 = Debug|Any CPU
		{F43FCDBA-A4CE-4439-8FBD-8ACCA69F7EF0}.Release|Any CPU.ActiveCfg = Release|Any CPU
		{F43FCDBA-A4CE-4439-8FBD-8ACCA69F7EF0}.Release|Any CPU.Build.0 = Release|Any CPU
	EndGlobalSection
	GlobalSection(SolutionProperties) = preSolution
		HideSolutionNode = FALSE
	EndGlobalSection
	GlobalSection(ExtensibilityGlobals) = postSolution
		SolutionGuid = {E4901538-F0AA-4E19-8C7F-751FE8AC653E}
	EndGlobalSection
EndGlobal
